
Microsoft Visual Studio Solution File, Format Version 12.00
# Visual Studio Version 17
VisualStudioVersion = 17.13.35931.197 d17.13
MinimumVisualStudioVersion = 10.0.40219.1
Project("{FAE04EC0-301F-11D3-BF4B-00C04F79EFBC}") = "SimplificaTerapia", "SimplificaTerapia_API\SimplificaTerapia.csproj", "{93525A1C-F4E5-42CB-8CB9-12BC3033C55F}"
EndProject
Global
	GlobalSection(SolutionConfigurationPlatforms) = preSolution
		Debug|Any CPU = Debug|Any CPU
		Release|Any CPU = Release|Any CPU
	EndGlobalSection
	GlobalSection(ProjectConfigurationPlatforms) = postSolution
		{93525A1C-F4E5-42CB-8CB9-12BC3033C55F}.Debug|Any CPU.ActiveCfg = Debug|Any CPU
		{93525A1C-F4E5-42CB-8CB9-12BC3033C55F}.Debug|Any CPU.Build.0 = Debug|Any CPU
		{93525A1C-F4E5-42CB-8CB9-12BC3033C55F}.Release|Any CPU.ActiveCfg = Release|Any CPU
		{93525A1C-F4E5-42CB-8CB9-12BC3033C55F}.Release|Any CPU.Build.0 = Release|Any CPU
	EndGlobalSection
	GlobalSection(SolutionProperties) = preSolution
		HideSolutionNode = FALSE
	EndGlobalSection
	GlobalSection(ExtensibilityGlobals) = postSolution
		SolutionGuid = {23B07DD3-F479-4396-A268-472939D3B65E}
	EndGlobalSection
EndGlobal
